
Microsoft Visual Studio Solution File, Format Version 12.00
# Visual Studio 15
VisualStudioVersion = 15.0.28010.2016
MinimumVisualStudioVersion = 10.0.40219.1
Project("{FAE04EC0-301F-11D3-BF4B-00C04F79EFBC}") = "CreateAnimalList", "CreateAnimalList.csproj", "{5E1BFC37-A8BC-4AD7-BD9D-3BF6B75069DB}"
EndProject
Global
	GlobalSection(SolutionConfigurationPlatforms) = preSolution
		Debug|Any CPU = Debug|Any CPU
		Release|Any CPU = Release|Any CPU
	EndGlobalSection
	GlobalSection(ProjectConfigurationPlatforms) = postSolution
		{5E1BFC37-A8BC-4AD7-BD9D-3BF6B75069DB}.Debug|Any CPU.ActiveCfg = Debug|Any CPU
		{5E1BFC37-A8BC-4AD7-BD9D-3BF6B75069DB}.Debug|Any CPU.Build.0 = Debug|Any CPU
		{5E1BFC37-A8BC-4AD7-BD9D-3BF6B75069DB}.Release|Any CPU.ActiveCfg = Release|Any CPU
		{5E1BFC37-A8BC-4AD7-BD9D-3BF6B75069DB}.Release|Any CPU.Build.0 = Release|Any CPU
	EndGlobalSection
	GlobalSection(SolutionProperties) = preSolution
		HideSolutionNode = FALSE
	EndGlobalSection
	GlobalSection(ExtensibilityGlobals) = postSolution
		SolutionGuid = {68EA27F7-F4FB-4FD4-914B-AFBEE7CB7A32}
	EndGlobalSection
EndGlobal
